
Microsoft Visual Studio Solution File, Format Version 12.00
# Visual Studio 14
VisualStudioVersion = 14.0.25420.1
MinimumVisualStudioVersion = 10.0.40219.1
Project("{FAE04EC0-301F-11D3-BF4B-00C04F79EFBC}") = "hack-team-2.OCR", "hack-team-2.OCR\hack-team-2.OCR.csproj", "{CF70D3CD-3478-42DF-82C7-B27725396B5A}"
EndProject
Project("{FAE04EC0-301F-11D3-BF4B-00C04F79EFBC}") = "hack-team-2.OCR.Tests", "hack-team-2.OCR.Tests\hack-team-2.OCR.Tests.csproj", "{A061882A-E0DD-4855-9182-C4AC8855366A}"
EndProject
Project("{FAE04EC0-301F-11D3-BF4B-00C04F79EFBC}") = "hack-team-2.sharepoint", "hack-team-2.sharepoint\hack-team-2.sharepoint.csproj", "{E8C6A43D-11C6-4487-A838-CB354663C8F4}"
EndProject
Project("{FAE04EC0-301F-11D3-BF4B-00C04F79EFBC}") = "hack-team-2.Webhook", "hack-team-2.Webhook\hack-team-2.Webhook.csproj", "{630DD6CF-BE2A-451B-9386-E65148357995}"
EndProject
Project("{FAE04EC0-301F-11D3-BF4B-00C04F79EFBC}") = "hack-team-2.sharepoint.Tests", "hack-team-2.sharepoint.Tests\hack-team-2.sharepoint.Tests.csproj", "{3290E5C4-3F6D-4DED-BE97-A51145E0DA4A}"
EndProject
Global
	GlobalSection(SolutionConfigurationPlatforms) = preSolution
		Debug|Any CPU = Debug|Any CPU
		Release|Any CPU = Release|Any CPU
	EndGlobalSection
	GlobalSection(ProjectConfigurationPlatforms) = postSolution
		{CF70D3CD-3478-42DF-82C7-B27725396B5A}.Debug|Any CPU.ActiveCfg = Debug|Any CPU
		{CF70D3CD-3478-42DF-82C7-B27725396B5A}.Debug|Any CPU.Build.0 = Debug|Any CPU
		{CF70D3CD-3478-42DF-82C7-B27725396B5A}.Release|Any CPU.ActiveCfg = Release|Any CPU
		{CF70D3CD-3478-42DF-82C7-B27725396B5A}.Release|Any CPU.Build.0 = Release|Any CPU
		{A061882A-E0DD-4855-9182-C4AC8855366A}.Debug|Any CPU.ActiveCfg = Debug|Any CPU
		{A061882A-E0DD-4855-9182-C4AC8855366A}.Debug|Any CPU.Build.0 = Debug|Any CPU
		{A061882A-E0DD-4855-9182-C4AC8855366A}.Release|Any CPU.ActiveCfg = Release|Any CPU
		{A061882A-E0DD-4855-9182-C4AC8855366A}.Release|Any CPU.Build.0 = Release|Any CPU
		{E8C6A43D-11C6-4487-A838-CB354663C8F4}.Debug|Any CPU.ActiveCfg = Debug|Any CPU
		{E8C6A43D-11C6-4487-A838-CB354663C8F4}.Debug|Any CPU.Build.0 = Debug|Any CPU
		{E8C6A43D-11C6-4487-A838-CB354663C8F4}.Release|Any CPU.ActiveCfg = Release|Any CPU
		{E8C6A43D-11C6-4487-A838-CB354663C8F4}.Release|Any CPU.Build.0 = Release|Any CPU
		{630DD6CF-BE2A-451B-9386-E65148357995}.Debug|Any CPU.ActiveCfg = Debug|Any CPU
		{630DD6CF-BE2A-451B-9386-E65148357995}.Debug|Any CPU.Build.0 = Debug|Any CPU
		{630DD6CF-BE2A-451B-9386-E65148357995}.Release|Any CPU.ActiveCfg = Release|Any CPU
		{630DD6CF-BE2A-451B-9386-E65148357995}.Release|Any CPU.Build.0 = Release|Any CPU
		{3290E5C4-3F6D-4DED-BE97-A51145E0DA4A}.Debug|Any CPU.ActiveCfg = Debug|Any CPU
		{3290E5C4-3F6D-4DED-BE97-A51145E0DA4A}.Debug|Any CPU.Build.0 = Debug|Any CPU
		{3290E5C4-3F6D-4DED-BE97-A51145E0DA4A}.Release|Any CPU.ActiveCfg = Release|Any CPU
		{3290E5C4-3F6D-4DED-BE97-A51145E0DA4A}.Release|Any CPU.Build.0 = Release|Any CPU
	EndGlobalSection
	GlobalSection(SolutionProperties) = preSolution
		HideSolutionNode = FALSE
	EndGlobalSection
EndGlobal
